
Microsoft Visual Studio Solution File, Format Version 12.00
# Visual Studio Version 17
VisualStudioVersion = 17.11.35312.102
MinimumVisualStudioVersion = 10.0.40219.1
Project("{FAE04EC0-301F-11D3-BF4B-00C04F79EFBC}") = "ECOMMERCE", "ECOMMERCE\ECOMMERCE.csproj", "{977DF700-DF64-4489-8FEE-926E1AFB939B}"
EndProject
Global
	GlobalSection(SolutionConfigurationPlatforms) = preSolution
		Debug|Any CPU = Debug|Any CPU
		Release|Any CPU = Release|Any CPU
	EndGlobalSection
	GlobalSection(ProjectConfigurationPlatforms) = postSolution
		{977DF700-DF64-4489-8FEE-926E1AFB939B}.Debug|Any CPU.ActiveCfg = Debug|Any CPU
		{977DF700-DF64-4489-8FEE-926E1AFB939B}.Debug|Any CPU.Build.0 = Debug|Any CPU
		{977DF700-DF64-4489-8FEE-926E1AFB939B}.Release|Any CPU.ActiveCfg = Release|Any CPU
		{977DF700-DF64-4489-8FEE-926E1AFB939B}.Release|Any CPU.Build.0 = Release|Any CPU
	EndGlobalSection
	GlobalSection(SolutionProperties) = preSolution
		HideSolutionNode = FALSE
	EndGlobalSection
	GlobalSection(ExtensibilityGlobals) = postSolution
		SolutionGuid = {29F26395-A5D8-4FB8-89DD-33083E99351E}
	EndGlobalSection
EndGlobal
